{
    "_readme": [
        "This file locks the dependencies of your project to a known state",
        "Read more about it at https://getcomposer.org/doc/01-basic-usage.md#installing-dependencies",
        "This file is @generated automatically"
    ],
    "content-hash": "7c87cc825a0689e66ae31ad223df079a",
    "packages": [
        {
            "name": "kaipfeiffer/wpbase",
            "version": "v0.1.0",
            "source": {
                "type": "git",
                "url": "https://github.com/kaipfeiffer/wpbase.git",
                "reference": "3b297ce4b6b3e5491687f1143d25c5a18f33cd8b"
            },
            "dist": {
                "type": "zip",
                "url": "https://api.github.com/repos/kaipfeiffer/wpbase/zipball/3b297ce4b6b3e5491687f1143d25c5a18f33cd8b",
                "reference": "3b297ce4b6b3e5491687f1143d25c5a18f33cd8b",
                "shasum": ""
            },
            "require": {
                "ext-mbstring": "*",
                "php": "^7.3|^8.0"
            },
            "type": "library",
            "autoload": {
                "psr-4": {
                    "KaiPfeiffer\\WPBase\\": "src"
                }
            },
            "license": [
                "LGPL-3.0-or-later"
            ],
            "authors": [
                {
                    "name": "Kai Pfeiffer",
                    "email": "kp@loworx.com",
                    "homepage": "http://loworx.com"
                }
            ],
            "homepage": "https://loworx.com",
            "keywords": [
                "php"
            ],
            "support": {
                "source": "https://github.com/kaipfeiffer/wpbase/tree/v0.1.0",
                "issues": "https://github.com/kaipfeiffer/wpbase/issues"
            },
            "time": "2026-08-07T07:41:46+00:00"
        }
    ],
    "packages-dev": [],
    "aliases": [],
    "minimum-stability": "stable",
    "stability-flags": {},
    "prefer-stable": false,
    "prefer-lowest": false,
    "platform": {},
    "platform-dev": {},
    "plugin-api-version": "2.9.0"
}
